
Microsoft Visual Studio Solution File, Format Version 12.00
# Visual Studio Version 16
VisualStudioVersion = 16.0.32228.343
MinimumVisualStudioVersion = 10.0.40219.1
Project("{2150E333-8FDC-42A3-9474-1A3956D46DE8}") = "Solution Items", "Solution Items", "{76777110-14E9-4EC6-9D8C-739749DD6941}"
EndProject
Project("{8BC9CEB8-8B4A-11D0-8D11-00A0C91BC942}") = "c++11", "c++11\c++11.vcxproj", "{ED9EB4D1-4D4F-48F6-8DC2-61795DC34961}"
EndProject
Global
	GlobalSection(SolutionConfigurationPlatforms) = preSolution
		Debug|x64 = Debug|x64
		Debug|x86 = Debug|x86
		Release|x64 = Release|x64
		Release|x86 = Release|x86
	EndGlobalSection
	GlobalSection(ProjectConfigurationPlatforms) = postSolution
		{ED9EB4D1-4D4F-48F6-8DC2-61795DC34961}.Debug|x64.ActiveCfg = Debug|x64
		{ED9EB4D1-4D4F-48F6-8DC2-61795DC34961}.Debug|x64.Build.0 = Debug|x64
		{ED9EB4D1-4D4F-48F6-8DC2-61795DC34961}.Debug|x86.ActiveCfg = Debug|Win32
		{ED9EB4D1-4D4F-48F6-8DC2-61795DC34961}.Debug|x86.Build.0 = Debug|Win32
		{ED9EB4D1-4D4F-48F6-8DC2-61795DC34961}.Release|x64.ActiveCfg = Release|x64
		{ED9EB4D1-4D4F-48F6-8DC2-61795DC34961}.Release|x64.Build.0 = Release|x64
		{ED9EB4D1-4D4F-48F6-8DC2-61795DC34961}.Release|x86.ActiveCfg = Release|Win32
		{ED9EB4D1-4D4F-48F6-8DC2-61795DC34961}.Release|x86.Build.0 = Release|Win32
	EndGlobalSection
	GlobalSection(SolutionProperties) = preSolution
		HideSolutionNode = FALSE
	EndGlobalSection
	GlobalSection(ExtensibilityGlobals) = postSolution
		SolutionGuid = {D0B68043-0C5D-40A3-8D91-1764BAA27F14}
	EndGlobalSection
EndGlobal
